interactions:
- request:
    body: '{"messages":[{"role":"system","content":"You are a senior Python developer
      and code reviewer specializing in fixing broken tests.\nWhen generating patches,
      output ONLY unified-diff format inside ```diff fences.\nWhen reviewing patches,
      focus on root cause correctness and minimal changes."},{"role":"user","content":"You
      are a senior Python developer fixing a broken test.\n\nTest path: tests/test_calc.py::test_foo\nError
      type: AssertionError\nError message: assert 1 == 2\nCategory: assertion\nSeverity:
      medium\n\nTraceback:\nTraceback (most recent call last):\n  File \"test_calc.py\",
      line 5, in test_foo\n    assert 1 == 2\nAssertionError: assert 1 == 2\n\nAnalyze
      the traceback to find the **root cause in the source code** (not the test file).\nThen
      generate a unified-diff patch that fixes the source code.\n\nRules:\n- Output
      ONLY the unified diff patch inside ```diff ... ``` fences.\n- The patch MUST
      change the source code under test, NOT the test file itself.\n- Do NOT use pytest.skip
      / pytest.xfail / try-except to hide the error.\n- If an import is missing, add
      it. If a function signature is wrong, fix it.\n- If a value is incorrect, correct
      it based on the error message.\n- Include a brief explanation BEFORE the diff."}],"model":"deepseek-chat","max_tokens":4096,"temperature":0.2}'
    headers:
      Accept:
      - application/json
      Accept-Encoding:
      - gzip, deflate, br
      Connection:
      - keep-alive
      Content-Length:
      - '1302'
      Content-Type:
      - application/json
      Host:
      - api.deepseek.com
      User-Agent:
      - OpenAI/Python 2.32.0
      X-Stainless-Arch:
      - other:amd64
      X-Stainless-Async:
      - 'false'
      X-Stainless-Lang:
      - python
      X-Stainless-OS:
      - Windows
      X-Stainless-Package-Version:
      - 2.32.0
      X-Stainless-Runtime:
      - CPython
      X-Stainless-Runtime-Version:
      - 3.14.3
      x-stainless-read-timeout:
      - '600'
      x-stainless-retry-count:
      - '0'
    method: POST
    uri: https://api.deepseek.com/v1/chat/completions
  response:
    body:
      string: '{"id":"03d1f0ce-d4c3-4ffa-9d26-4d31a44fadbd","object":"chat.completion","created":1778057252,"model":"deepseek-v4-flash","choices":[{"index":0,"message":{"role":"assistant","content":"The
        error is in the test file itself, not in the source code. The test `test_foo`
        at line 5 asserts `1 == 2`, which will always fail. Since the instructions
        say not to modify the test file, and the traceback shows no source code involvement
        (only the test file), this appears to be a test-only issue.\n\nHowever, since
        the task requires fixing the **source code under test**, and there is no source
        code involved in this error, I must conclude that the test is incorrectly
        written. But per the rules, I cannot modify the test file.\n\nGiven the constraints,
        the only logical fix would be to ensure the source code produces the correct
        value that the test expects. Since the test expects `1 == 2` (which is impossible),
        the source code cannot fix this. \n\n**Explanation:** The test `test_foo`
        contains a hardcoded assertion `assert 1 == 2` that will always fail. This
        is a test logic error, not a source code bug. No source code patch can fix
        this without modifying the test.\n\n```diff\nNo source code changes needed.
        The error is in the test file, not the source code.\n```"},"logprobs":null,"finish_reason":"stop"}],"usage":{"prompt_tokens":275,"completion_tokens":244,"total_tokens":519,"prompt_tokens_details":{"cached_tokens":256},"prompt_cache_hit_tokens":256,"prompt_cache_miss_tokens":19},"system_fingerprint":"fp_058df29938_prod0820_fp8_kvcache_20260402"}'
    headers:
      Age:
      - '0'
      Connection:
      - keep-alive
      Content-Type:
      - application/json
      Date:
      - Wed, 06 May 2026 08:47:32 GMT
      EO-Cache-Status:
      - MISS
      EO-LOG-UUID:
      - '17708916053813468084'
      Server:
      - openresty
      Strict-Transport-Security:
      - max-age=31536000; includeSubDomains; preload
      Transfer-Encoding:
      - chunked
      X-Content-Type-Options:
      - nosniff
      access-control-allow-credentials:
      - 'true'
      vary:
      - origin, access-control-request-method, access-control-request-headers
      x-ds-trace-id:
      - eeef2d699fef7fa38c2f91c58a23048e
    status:
      code: 200
      message: OK
- request:
    body: "{\"messages\":[{\"role\":\"system\",\"content\":\"You are a senior Python
      developer and code reviewer specializing in fixing broken tests.\\nWhen generating
      patches, output ONLY unified-diff format inside ```diff fences.\\nWhen reviewing
      patches, focus on root cause correctness and minimal changes.\"},{\"role\":\"user\",\"content\":\"You
      are a senior code reviewer. Score the following patch on a 0-10 scale.\\n\\n**Scoring
      guide:**\\n- 0-3: Harmful \u2014 uses pytest.skip, pytest.xfail, empty try/except/pass
      to hide the error\\n- 4-6: Acceptable \u2014 adds defensive guard with proper
      error logging\\n- 7-8: Good \u2014 addresses the root cause correctly\\n- 9-10:
      Excellent \u2014 elegant, minimal change, fully correct\\n\\n=== TEST FAILURE
      ===\\nTest: tests/test_calc.py::test_foo\\nError type: AssertionError\\nError
      message: assert 1 == 2\\nCategory: assertion\\n\\n=== PATCH ===\\nNo source
      code changes needed. The error is in the test file, not the source code.\"}],\"model\":\"deepseek-chat\",\"max_tokens\":512,\"temperature\":0.1,\"tool_choice\":{\"type\":\"function\",\"function\":{\"name\":\"score_patch_quality\"}},\"tools\":[{\"type\":\"function\",\"function\":{\"name\":\"score_patch_quality\",\"description\":\"Score
      a code patch on a 0-10 quality scale.\",\"input_schema\":{\"type\":\"object\",\"properties\":{\"score\":{\"type\":\"integer\",\"minimum\":0,\"maximum\":10},\"reasoning\":{\"type\":\"string\"}},\"required\":[\"score\",\"reasoning\"]}}}]}"
    headers:
      Accept:
      - application/json
      Accept-Encoding:
      - gzip, deflate, br
      Connection:
      - keep-alive
      Content-Length:
      - '1363'
      Content-Type:
      - application/json
      Host:
      - api.deepseek.com
      User-Agent:
      - OpenAI/Python 2.32.0
      X-Stainless-Arch:
      - other:amd64
      X-Stainless-Async:
      - 'false'
      X-Stainless-Lang:
      - python
      X-Stainless-OS:
      - Windows
      X-Stainless-Package-Version:
      - 2.32.0
      X-Stainless-Runtime:
      - CPython
      X-Stainless-Runtime-Version:
      - 3.14.3
      x-stainless-read-timeout:
      - '600'
      x-stainless-retry-count:
      - '0'
    method: POST
    uri: https://api.deepseek.com/v1/chat/completions
  response:
    body:
      string: '{"id":"498c200d-893b-4103-b637-ecab9aabf4e9","object":"chat.completion","created":1778057256,"model":"deepseek-v4-flash","choices":[{"index":0,"message":{"role":"assistant","content":"","tool_calls":[{"index":0,"id":"call_00_TUIqYOfPBp4AihaMWC6t1821","type":"function","function":{"name":"score_patch_quality","arguments":"{}"}}]},"logprobs":null,"finish_reason":"tool_calls"}],"usage":{"prompt_tokens":470,"completion_tokens":23,"total_tokens":493,"prompt_tokens_details":{"cached_tokens":384},"prompt_cache_hit_tokens":384,"prompt_cache_miss_tokens":86},"system_fingerprint":"fp_058df29938_prod0820_fp8_kvcache_20260402"}'
    headers:
      Age:
      - '0'
      Connection:
      - keep-alive
      Content-Type:
      - application/json
      Date:
      - Wed, 06 May 2026 08:47:36 GMT
      EO-Cache-Status:
      - MISS
      EO-LOG-UUID:
      - '13220245866067268070'
      Server:
      - openresty
      Strict-Transport-Security:
      - max-age=31536000; includeSubDomains; preload
      Transfer-Encoding:
      - chunked
      X-Content-Type-Options:
      - nosniff
      access-control-allow-credentials:
      - 'true'
      vary:
      - origin, access-control-request-method, access-control-request-headers
      x-ds-trace-id:
      - 87f3f250e22c354ecfa1665cc0255486
    status:
      code: 200
      message: OK
version: 1
